
Microsoft Visual Studio Solution File, Format Version 11.00
# Visual Studio Version 17

Project("{8BC9CEB8-8B4A-11D0-8D11-00A0C91BC942}") = "SimpleEQ - Standalone Plugin", "SimpleEQ_StandalonePlugin.vcxproj", "{CD938D61-7221-8F80-FDB9-DDF5198DC21B}"
	ProjectSection(ProjectDependencies) = postProject
		{D76F020B-2D6C-18AF-413D-9F7CAA4ED4F1} = {D76F020B-2D6C-18AF-413D-9F7CAA4ED4F1}
	EndProjectSection
EndProject
Project("{8BC9CEB8-8B4A-11D0-8D11-00A0C91BC942}") = "SimpleEQ - VST3", "SimpleEQ_VST3.vcxproj", "{491CF515-388F-423E-37EE-037408B42C66}"
	ProjectSection(ProjectDependencies) = postProject
		{D76F020B-2D6C-18AF-413D-9F7CAA4ED4F1} = {D76F020B-2D6C-18AF-413D-9F7CAA4ED4F1}
		{20037FE2-1A4B-F26E-8A8C-1C98AA79749A} = {20037FE2-1A4B-F26E-8A8C-1C98AA79749A}
	EndProjectSection
EndProject
Project("{8BC9CEB8-8B4A-11D0-8D11-00A0C91BC942}") = "SimpleEQ - Shared Code", "SimpleEQ_SharedCode.vcxproj", "{D76F020B-2D6C-18AF-413D-9F7CAA4ED4F1}"
EndProject
Project("{8BC9CEB8-8B4A-11D0-8D11-00A0C91BC942}") = "SimpleEQ - VST3 Manifest Helper", "SimpleEQ_VST3ManifestHelper.vcxproj", "{20037FE2-1A4B-F26E-8A8C-1C98AA79749A}"
EndProject
Global
	GlobalSection(SolutionConfigurationPlatforms) = preSolution
		Debug|x64 = Debug|x64
		Release|x64 = Release|x64
	EndGlobalSection
	GlobalSection(ProjectConfigurationPlatforms) = postSolution
		{491CF515-388F-423E-37EE-037408B42C66}.Debug|x64.ActiveCfg = Debug|x64
		{491CF515-388F-423E-37EE-037408B42C66}.Debug|x64.Build.0 = Debug|x64
		{491CF515-388F-423E-37EE-037408B42C66}.Release|x64.ActiveCfg = Release|x64
		{491CF515-388F-423E-37EE-037408B42C66}.Release|x64.Build.0 = Release|x64
		{CD938D61-7221-8F80-FDB9-DDF5198DC21B}.Debug|x64.ActiveCfg = Debug|x64
		{CD938D61-7221-8F80-FDB9-DDF5198DC21B}.Debug|x64.Build.0 = Debug|x64
		{CD938D61-7221-8F80-FDB9-DDF5198DC21B}.Release|x64.ActiveCfg = Release|x64
		{CD938D61-7221-8F80-FDB9-DDF5198DC21B}.Release|x64.Build.0 = Release|x64
		{D76F020B-2D6C-18AF-413D-9F7CAA4ED4F1}.Debug|x64.ActiveCfg = Debug|x64
		{D76F020B-2D6C-18AF-413D-9F7CAA4ED4F1}.Debug|x64.Build.0 = Debug|x64
		{D76F020B-2D6C-18AF-413D-9F7CAA4ED4F1}.Release|x64.ActiveCfg = Release|x64
		{D76F020B-2D6C-18AF-413D-9F7CAA4ED4F1}.Release|x64.Build.0 = Release|x64
		{20037FE2-1A4B-F26E-8A8C-1C98AA79749A}.Debug|x64.ActiveCfg = Debug|x64
		{20037FE2-1A4B-F26E-8A8C-1C98AA79749A}.Debug|x64.Build.0 = Debug|x64
		{20037FE2-1A4B-F26E-8A8C-1C98AA79749A}.Release|x64.ActiveCfg = Release|x64
		{20037FE2-1A4B-F26E-8A8C-1C98AA79749A}.Release|x64.Build.0 = Release|x64
	EndGlobalSection
	GlobalSection(SolutionProperties) = preSolution
		HideSolutionNode = FALSE
	EndGlobalSection
EndGlobal
